
Microsoft Visual Studio Solution File, Format Version 12.00
# Visual Studio Version 16
VisualStudioVersion = 16.0.29215.179
MinimumVisualStudioVersion = 10.0.40219.1
Project("{FAE04EC0-301F-11D3-BF4B-00C04F79EFBC}") = "BTDToolbox_Updater", "BTDToolbox_Updater.csproj", "{D0CA6494-B5C3-4BE1-9FCA-9295578CB42B}"
EndProject
Global
	GlobalSection(SolutionConfigurationPlatforms) = preSolution
		Debug|Any CPU = Debug|Any CPU
		Release|Any CPU = Release|Any CPU
	EndGlobalSection
	GlobalSection(ProjectConfigurationPlatforms) = postSolution
		{D0CA6494-B5C3-4BE1-9FCA-9295578CB42B}.Debug|Any CPU.ActiveCfg = Debug|Any CPU
		{D0CA6494-B5C3-4BE1-9FCA-9295578CB42B}.Debug|Any CPU.Build.0 = Debug|Any CPU
		{D0CA6494-B5C3-4BE1-9FCA-9295578CB42B}.Release|Any CPU.ActiveCfg = Release|Any CPU
		{D0CA6494-B5C3-4BE1-9FCA-9295578CB42B}.Release|Any CPU.Build.0 = Release|Any CPU
	EndGlobalSection
	GlobalSection(SolutionProperties) = preSolution
		HideSolutionNode = FALSE
	EndGlobalSection
	GlobalSection(ExtensibilityGlobals) = postSolution
		SolutionGuid = {83244F90-0EA6-4815-BDB4-DA6B9CDB2A9E}
	EndGlobalSection
EndGlobal
